
Microsoft Visual Studio Solution File, Format Version 12.00
# Visual Studio Version 17
VisualStudioVersion = 17.5.33502.453
MinimumVisualStudioVersion = 10.0.40219.1
Project("{9A19103F-16F7-4668-BE54-9A1E7A4F7556}") = "AplicacionDiez", "AplicacionDiez\AplicacionDiez.csproj", "{882EFC34-EC6E-4C8A-BDC3-0A7C32D172EE}"
EndProject
Global
	GlobalSection(SolutionConfigurationPlatforms) = preSolution
		Debug|Any CPU = Debug|Any CPU
		Release|Any CPU = Release|Any CPU
	EndGlobalSection
	GlobalSection(ProjectConfigurationPlatforms) = postSolution
		{882EFC34-EC6E-4C8A-BDC3-0A7C32D172EE}.Debug|Any CPU.ActiveCfg = Debug|Any CPU
		{882EFC34-EC6E-4C8A-BDC3-0A7C32D172EE}.Debug|Any CPU.Build.0 = Debug|Any CPU
		{882EFC34-EC6E-4C8A-BDC3-0A7C32D172EE}.Release|Any CPU.ActiveCfg = Release|Any CPU
		{882EFC34-EC6E-4C8A-BDC3-0A7C32D172EE}.Release|Any CPU.Build.0 = Release|Any CPU
	EndGlobalSection
	GlobalSection(SolutionProperties) = preSolution
		HideSolutionNode = FALSE
	EndGlobalSection
	GlobalSection(ExtensibilityGlobals) = postSolution
		SolutionGuid = {976C866A-DC20-4368-BB63-E8FAD3D9C8A6}
	EndGlobalSection
EndGlobal
